<?xml version="1.0" encoding="utf-8"?>
<Project ToolsVersion="4.0" xmlns="http://schemas.microsoft.com/developer/msbuild/2003">
  <ItemGroup>
    <Filter Include="Source Files">
      <UniqueIdentifier>{4FC737F1-C7A5-4376-A066-2A32D752A2FF}</UniqueIdentifier>
      <Extensions>cpp;c;cc;cxx;def;odl;idl;hpj;bat;asm;asmx</Extensions>
    </Filter>
    <Filter Include="Header Files">
      <UniqueIdentifier>{93995380-89BD-4b04-88EB-625FBE52EBFB}</UniqueIdentifier>
      <Extensions>h;hpp;hxx;hm;inl;inc;xsd</Extensions>
    </Filter>
    <Filter Include="Resource Files">
      <UniqueIdentifier>{67DA6AB6-F800-4c08-8B7A-83BB121AAD01}</UniqueIdentifier>
      <Extensions>rc;ico;cur;bmp;dlg;rc2;rct;bin;rgs;gif;jpg;jpeg;jpe;resx;tiff;tif;png;wav</Extensions>
    </Filter>
    <Filter Include="Doc Files">
      <UniqueIdentifier>{61320615-eeeb-4fce-bcd9-eb8afa042679}</UniqueIdentifier>
    </Filter>
  </ItemGroup>
  <ItemGroup>
    <ClCompile Include="DlgDataEditor.cpp">
      <Filter>Source Files</Filter>
    </ClCompile>
    <ClCompile Include="DlgEaEditor.cpp">
      <Filter>Source Files</Filter>
    </ClCompile>
    <ClCompile Include="DlgEasEditor.cpp">
      <Filter>Source Files</Filter>
    </ClCompile>
    <ClCompile Include="DlgFileTest.cpp">
      <Filter>Source Files</Filter>
    </ClCompile>
    <ClCompile Include="DlgFlags.cpp">
      <Filter>Source Files</Filter>
    </ClCompile>
    <ClCompile Include="DlgPrivileges.cpp">
      <Filter>Source Files</Filter>
    </ClCompile>
    <ClCompile Include="DlgSimple.cpp">
      <Filter>Source Files</Filter>
    </ClCompile>
    <ClCompile Include="DlgValues.cpp">
      <Filter>Source Files</Filter>
    </ClCompile>
    <ClCompile Include="NtStatus2Text.cpp">
      <Filter>Source Files</Filter>
    </ClCompile>
    <ClCompile Include="Page00Transaction.cpp">
      <Filter>Source Files</Filter>
    </ClCompile>
    <ClCompile Include="Page01Create.cpp">
      <Filter>Source Files</Filter>
    </ClCompile>
    <ClCompile Include="Page02NtCreate.cpp">
      <Filter>Source Files</Filter>
    </ClCompile>
    <ClCompile Include="Page03ReadWrite.cpp">
      <Filter>Source Files</Filter>
    </ClCompile>
    <ClCompile Include="Page04Mapping.cpp">
      <Filter>Source Files</Filter>
    </ClCompile>
    <ClCompile Include="Page05FileOps.cpp">
      <Filter>Source Files</Filter>
    </ClCompile>
    <ClCompile Include="Page06NtFileInfo.cpp">
      <Filter>Source Files</Filter>
    </ClCompile>
    <ClCompile Include="Page07NtFsInfo.cpp">
      <Filter>Source Files</Filter>
    </ClCompile>
    <ClCompile Include="Page08Ea.cpp">
      <Filter>Source Files</Filter>
    </ClCompile>
    <ClCompile Include="Page09Security.cpp">
      <Filter>Source Files</Filter>
    </ClCompile>
    <ClCompile Include="Page10Links.cpp">
      <Filter>Source Files</Filter>
    </ClCompile>
    <ClCompile Include="Page11Streams.cpp">
      <Filter>Source Files</Filter>
    </ClCompile>
    <ClCompile Include="TDataEditor.cpp">
      <Filter>Source Files</Filter>
    </ClCompile>
    <ClCompile Include="TToolTip.cpp">
      <Filter>Source Files</Filter>
    </ClCompile>
    <ClCompile Include="Utils.cpp">
      <Filter>Source Files</Filter>
    </ClCompile>
    <ClCompile Include="WinMain.cpp">
      <Filter>Source Files</Filter>
    </ClCompile>
    <ClCompile Include="DateTime.cpp">
      <Filter>Source Files</Filter>
    </ClCompile>
  </ItemGroup>
  <ItemGroup>
    <ResourceCompile Include="FileTest.rc">
      <Filter>Source Files</Filter>
    </ResourceCompile>
  </ItemGroup>
  <ItemGroup>
    <ClInclude Include="FileTest.h">
      <Filter>Header Files</Filter>
    </ClInclude>
    <ClInclude Include="..\Aaa\inc\ntdll.h">
      <Filter>Header Files</Filter>
    </ClInclude>
    <ClInclude Include="ntstatus.h">
      <Filter>Header Files</Filter>
    </ClInclude>
    <ClInclude Include="resource.h">
      <Filter>Header Files</Filter>
    </ClInclude>
    <ClInclude Include="TDataEditor.h">
      <Filter>Header Files</Filter>
    </ClInclude>
    <ClInclude Include="TToolTip.h">
      <Filter>Header Files</Filter>
    </ClInclude>
  </ItemGroup>
  <ItemGroup>
    <Image Include="Res\FileTest.ico">
      <Filter>Resource Files</Filter>
    </Image>
    <Image Include="res\IconError.ico">
      <Filter>Resource Files</Filter>
    </Image>
    <Image Include="res\IconInformation.ico">
      <Filter>Resource Files</Filter>
    </Image>
    <Image Include="res\IconWait.ico">
      <Filter>Resource Files</Filter>
    </Image>
    <Image Include="res\IconWarning.ico">
      <Filter>Resource Files</Filter>
    </Image>
  </ItemGroup>
  <ItemGroup>
    <None Include="Res\URLPoint.cur">
      <Filter>Resource Files</Filter>
    </None>
    <None Include="Res\URLWait.cur">
      <Filter>Resource Files</Filter>
    </None>
  </ItemGroup>
  <ItemGroup>
    <Text Include="doc\History.txt">
      <Filter>Doc Files</Filter>
    </Text>
  </ItemGroup>
  <ItemGroup>
    <Manifest Include="res\FileTest.exe.manifest" />
  </ItemGroup>
</Project>